
Microsoft Visual Studio Solution File, Format Version 12.00
# Visual Studio 14
VisualStudioVersion = 14.0.23107.0
MinimumVisualStudioVersion = 10.0.40219.1
Project("{E24C65DC-7377-472B-9ABA-BC803B73C61A}") = "WowItemMakerWebsite", "WowItemMakerWebsite\", "{582B4EB8-3E0B-475F-816B-8A5DC7BBA69E}"
	ProjectSection(WebsiteProperties) = preProject
		TargetFrameworkMoniker = ".NETFramework,Version%3Dv3.5"
		Debug.AspNetCompiler.VirtualPath = "/WowItemMakerWebsite"
		Debug.AspNetCompiler.PhysicalPath = "WowItemMakerWebsite\"
		Debug.AspNetCompiler.TargetPath = "PrecompiledWeb\WowItemMakerWebsite\"
		Debug.AspNetCompiler.Updateable = "true"
		Debug.AspNetCompiler.ForceOverwrite = "true"
		Debug.AspNetCompiler.FixedNames = "false"
		Debug.AspNetCompiler.Debug = "True"
		Release.AspNetCompiler.VirtualPath = "/WowItemMakerWebsite"
		Release.AspNetCompiler.PhysicalPath = "WowItemMakerWebsite\"
		Release.AspNetCompiler.TargetPath = "PrecompiledWeb\WowItemMakerWebsite\"
		Release.AspNetCompiler.Updateable = "true"
		Release.AspNetCompiler.ForceOverwrite = "true"
		Release.AspNetCompiler.FixedNames = "false"
		Release.AspNetCompiler.Debug = "False"
		VWDPort = "6597"
		SlnRelativePath = "WowItemMakerWebsite\"
		DefaultWebSiteLanguage = "Visual C#"
	EndProjectSection
EndProject
Project("{E24C65DC-7377-472B-9ABA-BC803B73C61A}") = "BootStrap", "BootStrap\", "{77BFB271-5E8E-40E6-AC0B-F9D03481CF56}"
	ProjectSection(WebsiteProperties) = preProject
		TargetFrameworkMoniker = ".NETFramework,Version%3Dv4.5"
		Debug.AspNetCompiler.VirtualPath = "/BootStrap"
		Debug.AspNetCompiler.PhysicalPath = "BootStrap\"
		Debug.AspNetCompiler.TargetPath = "PrecompiledWeb\BootStrap\"
		Debug.AspNetCompiler.Updateable = "true"
		Debug.AspNetCompiler.ForceOverwrite = "true"
		Debug.AspNetCompiler.FixedNames = "false"
		Debug.AspNetCompiler.Debug = "True"
		Release.AspNetCompiler.VirtualPath = "/BootStrap"
		Release.AspNetCompiler.PhysicalPath = "BootStrap\"
		Release.AspNetCompiler.TargetPath = "PrecompiledWeb\BootStrap\"
		Release.AspNetCompiler.Updateable = "true"
		Release.AspNetCompiler.ForceOverwrite = "true"
		Release.AspNetCompiler.FixedNames = "false"
		Release.AspNetCompiler.Debug = "False"
		VWDPort = "5030"
		SlnRelativePath = "BootStrap\"
	EndProjectSection
EndProject
Global
	GlobalSection(SolutionConfigurationPlatforms) = preSolution
		Debug|Any CPU = Debug|Any CPU
	EndGlobalSection
	GlobalSection(ProjectConfigurationPlatforms) = postSolution
		{582B4EB8-3E0B-475F-816B-8A5DC7BBA69E}.Debug|Any CPU.ActiveCfg = Debug|Any CPU
		{582B4EB8-3E0B-475F-816B-8A5DC7BBA69E}.Debug|Any CPU.Build.0 = Debug|Any CPU
		{77BFB271-5E8E-40E6-AC0B-F9D03481CF56}.Debug|Any CPU.ActiveCfg = Debug|Any CPU
		{77BFB271-5E8E-40E6-AC0B-F9D03481CF56}.Debug|Any CPU.Build.0 = Debug|Any CPU
	EndGlobalSection
	GlobalSection(SolutionProperties) = preSolution
		HideSolutionNode = FALSE
	EndGlobalSection
EndGlobal
